core:changelogs:
  - content: "---\npackages:\n  alchemy-planetscale-logical-db:\n    type: patch\n---\n\n## Forced empty patch republish\n\nThis release republishes current master as a patch. There is no product\ncode change since 2.0.1. Toolchain-only commits after 2.0.1 used\n`release:none`. The published API and behavior are the same as 2.0.1.\n"
    filename: 2026-09-28-forced-empty-patch-republish.md
    v: 0.0.0
core:packages:
  - changelogIds:
      - 2026-09-28-forced-empty-patch-republish.md
    id: npm:alchemy-planetscale-logical-db
    updated: true
npm:packages:
  - id: npm:alchemy-planetscale-logical-db
  - id: npm:alchemy-planetscale-logical-db-example
